// !$*UTF8*$!
{
	archiveVersion = 1;
	classes = {
	};
	objectVersion = 50;
	objects = {

/* Begin PBXBuildFile section */
		6EC685D023CEE5E700846595 /* AppDelegate.m in Sources */ = {isa = PBXBuildFile; fileRef = 6EC685CF23CEE5E700846595 /* AppDelegate.m */; };
		6EC685D323CEE5E700846595 /* ViewController.m in Sources */ = {isa = PBXBuildFile; fileRef = 6EC685D223CEE5E700846595 /* ViewController.m */; };
		6EC685D623CEE5E700846595 /* Main.storyboard in Resources */ = {isa = PBXBuildFile; fileRef = 6EC685D423CEE5E700846595 /* Main.storyboard */; };
		6EC685D823CEE5E900846595 /* Assets.xcassets in Resources */ = {isa = PBXBuildFile; fileRef = 6EC685D723CEE5E900846595 /* Assets.xcassets */; };
		6EC685DB23CEE5E900846595 /* LaunchScreen.storyboard in Resources */ = {isa = PBXBuildFile; fileRef = 6EC685D923CEE5E900846595 /* LaunchScreen.storyboard */; };
		6EC685DE23CEE5E900846595 /* main.m in Sources */ = {isa = PBXBuildFile; fileRef = 6EC685DD23CEE5E900846595 /* main.m */; };
		6EC685E823CEE5E900846595 /* SelectFilesTests.m in Sources */ = {isa = PBXBuildFile; fileRef = 6EC685E723CEE5E900846595 /* SelectFilesTests.m */; };
		6EC685F323CEE5E900846595 /* SelectFilesUITests.m in Sources */ = {isa = PBXBuildFile; fileRef = 6EC685F223CEE5E900846595 /* SelectFilesUITests.m */; };
		6EC6860223CEEB0500846595 /* JBCollectionViewCell.m in Sources */ = {isa = PBXBuildFile; fileRef = 6EC6860023CEEB0400846595 /* JBCollectionViewCell.m */; };
		6EC6860923CEEDBD00846595 /* FJxlsx@2x.png in Resources */ = {isa = PBXBuildFile; fileRef = 6EC6860323CEEDBD00846595 /* FJxlsx@2x.png */; };
		6EC6860A23CEEDBD00846595 /* FJpptx@2x.png in Resources */ = {isa = PBXBuildFile; fileRef = 6EC6860423CEEDBD00846595 /* FJpptx@2x.png */; };
		6EC6860B23CEEDBD00846595 /* FJword@2x.png in Resources */ = {isa = PBXBuildFile; fileRef = 6EC6860523CEEDBD00846595 /* FJword@2x.png */; };
		6EC6860C23CEEDBD00846595 /* FJpdf@2x.png in Resources */ = {isa = PBXBuildFile; fileRef = 6EC6860623CEEDBD00846595 /* FJpdf@2x.png */; };
		6EC6860D23CEEDBD00846595 /* FJtxt@2x.png in Resources */ = {isa = PBXBuildFile; fileRef = 6EC6860723CEEDBD00846595 /* FJtxt@2x.png */; };
		6EC6861123CEEDF700846595 /* addImage@3x.png in Resources */ = {isa = PBXBuildFile; fileRef = 6EC6861023CEEDF700846595 /* addImage@3x.png */; };
		6EC6861323CEF00600846595 /* deleteImage_Suggest@3x.png in Resources */ = {isa = PBXBuildFile; fileRef = 6EC6861223CEF00600846595 /* deleteImage_Suggest@3x.png */; };
/* End PBXBuildFile section */

/* Begin PBXContainerItemProxy section */
		6EC685E423CEE5E900846595 /* PBXContainerItemProxy */ = {
			isa = PBXContainerItemProxy;
			containerPortal = 6EC685C323CEE5E700846595 /* Project object */;
			proxyType = 1;
			remoteGlobalIDString = 6EC685CA23CEE5E700846595;
			remoteInfo = SelectFiles;
		};
		6EC685EF23CEE5E900846595 /* PBXContainerItemProxy */ = {
			isa = PBXContainerItemProxy;
			containerPortal = 6EC685C323CEE5E700846595 /* Project object */;
			proxyType = 1;
			remoteGlobalIDString = 6EC685CA23CEE5E700846595;
			remoteInfo = SelectFiles;
		};
/* End PBXContainerItemProxy section */

/* Begin PBXFileReference section */
		6EC685CB23CEE5E700846595 /* SelectFiles.app */ = {isa = PBXFileReference; explicitFileType = wrapper.application; includeInIndex = 0; path = SelectFiles.app; sourceTree = BUILT_PRODUCTS_DIR; };
		6EC685CE23CEE5E700846595 /* AppDelegate.h */ = {isa = PBXFileReference; lastKnownFileType = sourcecode.c.h; path = AppDelegate.h; sourceTree = "<group>"; };
		6EC685CF23CEE5E700846595 /* AppDelegate.m */ = {isa = PBXFileReference; lastKnownFileType = sourcecode.c.objc; path = AppDelegate.m; sourceTree = "<group>"; };
		6EC685D123CEE5E700846595 /* ViewController.h */ = {isa = PBXFileReference; lastKnownFileType = sourcecode.c.h; path = ViewController.h; sourceTree = "<group>"; };
		6EC685D223CEE5E700846595 /* ViewController.m */ = {isa = PBXFileReference; lastKnownFileType = sourcecode.c.objc; path = ViewController.m; sourceTree = "<group>"; };
		6EC685D523CEE5E700846595 /* Base */ = {isa = PBXFileReference; lastKnownFileType = file.storyboard; name = Base; path = Base.lproj/Main.storyboard; sourceTree = "<group>"; };
		6EC685D723CEE5E900846595 /* Assets.xcassets */ = {isa = PBXFileReference; lastKnownFileType = folder.assetcatalog; path = Assets.xcassets; sourceTree = "<group>"; };
		6EC685DA23CEE5E900846595 /* Base */ = {isa = PBXFileReference; lastKnownFileType = file.storyboard; name = Base; path = Base.lproj/LaunchScreen.storyboard; sourceTree = "<group>"; };
		6EC685DC23CEE5E900846595 /* Info.plist */ = {isa = PBXFileReference; lastKnownFileType = text.plist.xml; path = Info.plist; sourceTree = "<group>"; };
		6EC685DD23CEE5E900846595 /* main.m */ = {isa = PBXFileReference; lastKnownFileType = sourcecode.c.objc; path = main.m; sourceTree = "<group>"; };
		6EC685E323CEE5E900846595 /* SelectFilesTests.xctest */ = {isa = PBXFileReference; explicitFileType = wrapper.cfbundle; includeInIndex = 0; path = SelectFilesTests.xctest; sourceTree = BUILT_PRODUCTS_DIR; };
		6EC685E723CEE5E900846595 /* SelectFilesTests.m */ = {isa = PBXFileReference; lastKnownFileType = sourcecode.c.objc; path = SelectFilesTests.m; sourceTree = "<group>"; };
		6EC685E923CEE5E900846595 /* Info.plist */ = {isa = PBXFileReference; lastKnownFileType = text.plist.xml; path = Info.plist; sourceTree = "<group>"; };
		6EC685EE23CEE5E900846595 /* SelectFilesUITests.xctest */ = {isa = PBXFileReference; explicitFileType = wrapper.cfbundle; includeInIndex = 0; path = SelectFilesUITests.xctest; sourceTree = BUILT_PRODUCTS_DIR; };
		6EC685F223CEE5E900846595 /* SelectFilesUITests.m */ = {isa = PBXFileReference; lastKnownFileType = sourcecode.c.objc; path = SelectFilesUITests.m; sourceTree = "<group>"; };
		6EC685F423CEE5E900846595 /* Info.plist */ = {isa = PBXFileReference; lastKnownFileType = text.plist.xml; path = Info.plist; sourceTree = "<group>"; };
		6EC6860023CEEB0400846595 /* JBCollectionViewCell.m */ = {isa = PBXFileReference; fileEncoding = 4; lastKnownFileType = sourcecode.c.objc; path = JBCollectionViewCell.m; sourceTree = "<group>"; };
		6EC6860123CEEB0400846595 /* JBCollectionViewCell.h */ = {isa = PBXFileReference; fileEncoding = 4; lastKnownFileType = sourcecode.c.h; path = JBCollectionViewCell.h; sourceTree = "<group>"; };
		6EC6860323CEEDBD00846595 /* FJxlsx@2x.png */ = {isa = PBXFileReference; lastKnownFileType = image.png; path = "FJxlsx@2x.png"; sourceTree = "<group>"; };
		6EC6860423CEEDBD00846595 /* FJpptx@2x.png */ = {isa = PBXFileReference; lastKnownFileType = image.png; path = "FJpptx@2x.png"; sourceTree = "<group>"; };
		6EC6860523CEEDBD00846595 /* FJword@2x.png */ = {isa = PBXFileReference; lastKnownFileType = image.png; path = "FJword@2x.png"; sourceTree = "<group>"; };
		6EC6860623CEEDBD00846595 /* FJpdf@2x.png */ = {isa = PBXFileReference; lastKnownFileType = image.png; path = "FJpdf@2x.png"; sourceTree = "<group>"; };
		6EC6860723CEEDBD00846595 /* FJtxt@2x.png */ = {isa = PBXFileReference; lastKnownFileType = image.png; path = "FJtxt@2x.png"; sourceTree = "<group>"; };
		6EC6861023CEEDF700846595 /* addImage@3x.png */ = {isa = PBXFileReference; lastKnownFileType = image.png; path = "addImage@3x.png"; sourceTree = "<group>"; };
		6EC6861223CEF00600846595 /* deleteImage_Suggest@3x.png */ = {isa = PBXFileReference; lastKnownFileType = image.png; path = "deleteImage_Suggest@3x.png"; sourceTree = "<group>"; };
/* End PBXFileReference section */

/* Begin PBXFrameworksBuildPhase section */
		6EC685C823CEE5E700846595 /* Frameworks */ = {
			isa = PBXFrameworksBuildPhase;
			buildActionMask = 2147483647;
			files = (
			);
			runOnlyForDeploymentPostprocessing = 0;
		};
		6EC685E023CEE5E900846595 /* Frameworks */ = {
			isa = PBXFrameworksBuildPhase;
			buildActionMask = 2147483647;
			files = (
			);
			runOnlyForDeploymentPostprocessing = 0;
		};
		6EC685EB23CEE5E900846595 /* Frameworks */ = {
			isa = PBXFrameworksBuildPhase;
			buildActionMask = 2147483647;
			files = (
			);
			runOnlyForDeploymentPostprocessing = 0;
		};
/* End PBXFrameworksBuildPhase section */

/* Begin PBXGroup section */
		6EC685C223CEE5E700846595 = {
			isa = PBXGroup;
			children = (
				6EC685CD23CEE5E700846595 /* SelectFiles */,
				6EC685E623CEE5E900846595 /* SelectFilesTests */,
				6EC685F123CEE5E900846595 /* SelectFilesUITests */,
				6EC685CC23CEE5E700846595 /* Products */,
			);
			sourceTree = "<group>";
		};
		6EC685CC23CEE5E700846595 /* Products */ = {
			isa = PBXGroup;
			children = (
				6EC685CB23CEE5E700846595 /* SelectFiles.app */,
				6EC685E323CEE5E900846595 /* SelectFilesTests.xctest */,
				6EC685EE23CEE5E900846595 /* SelectFilesUITests.xctest */,
			);
			name = Products;
			sourceTree = "<group>";
		};
		6EC685CD23CEE5E700846595 /* SelectFiles */ = {
			isa = PBXGroup;
			children = (
				6EC6860F23CEEDC200846595 /* Image */,
				6EC685CE23CEE5E700846595 /* AppDelegate.h */,
				6EC685CF23CEE5E700846595 /* AppDelegate.m */,
				6EC685D123CEE5E700846595 /* ViewController.h */,
				6EC685D223CEE5E700846595 /* ViewController.m */,
				6EC6860123CEEB0400846595 /* JBCollectionViewCell.h */,
				6EC6860023CEEB0400846595 /* JBCollectionViewCell.m */,
				6EC685D423CEE5E700846595 /* Main.storyboard */,
				6EC685D723CEE5E900846595 /* Assets.xcassets */,
				6EC685D923CEE5E900846595 /* LaunchScreen.storyboard */,
				6EC685DC23CEE5E900846595 /* Info.plist */,
				6EC685DD23CEE5E900846595 /* main.m */,
			);
			path = SelectFiles;
			sourceTree = "<group>";
		};
		6EC685E623CEE5E900846595 /* SelectFilesTests */ = {
			isa = PBXGroup;
			children = (
				6EC685E723CEE5E900846595 /* SelectFilesTests.m */,
				6EC685E923CEE5E900846595 /* Info.plist */,
			);
			path = SelectFilesTests;
			sourceTree = "<group>";
		};
		6EC685F123CEE5E900846595 /* SelectFilesUITests */ = {
			isa = PBXGroup;
			children = (
				6EC685F223CEE5E900846595 /* SelectFilesUITests.m */,
				6EC685F423CEE5E900846595 /* Info.plist */,
			);
			path = SelectFilesUITests;
			sourceTree = "<group>";
		};
		6EC6860F23CEEDC200846595 /* Image */ = {
			isa = PBXGroup;
			children = (
				6EC6861223CEF00600846595 /* deleteImage_Suggest@3x.png */,
				6EC6861023CEEDF700846595 /* addImage@3x.png */,
				6EC6860623CEEDBD00846595 /* FJpdf@2x.png */,
				6EC6860423CEEDBD00846595 /* FJpptx@2x.png */,
				6EC6860723CEEDBD00846595 /* FJtxt@2x.png */,
				6EC6860523CEEDBD00846595 /* FJword@2x.png */,
				6EC6860323CEEDBD00846595 /* FJxlsx@2x.png */,
			);
			path = Image;
			sourceTree = "<group>";
		};
/* End PBXGroup section */

/* Begin PBXNativeTarget section */
		6EC685CA23CEE5E700846595 /* SelectFiles */ = {
			isa = PBXNativeTarget;
			buildConfigurationList = 6EC685F723CEE5E900846595 /* Build configuration list for PBXNativeTarget "SelectFiles" */;
			buildPhases = (
				6EC685C723CEE5E700846595 /* Sources */,
				6EC685C823CEE5E700846595 /* Frameworks */,
				6EC685C923CEE5E700846595 /* Resources */,
			);
			buildRules = (
			);
			dependencies = (
			);
			name = SelectFiles;
			productName = SelectFiles;
			productReference = 6EC685CB23CEE5E700846595 /* SelectFiles.app */;
			productType = "com.apple.product-type.application";
		};
		6EC685E223CEE5E900846595 /* SelectFilesTests */ = {
			isa = PBXNativeTarget;
			buildConfigurationList = 6EC685FA23CEE5E900846595 /* Build configuration list for PBXNativeTarget "SelectFilesTests" */;
			buildPhases = (
				6EC685DF23CEE5E900846595 /* Sources */,
				6EC685E023CEE5E900846595 /* Frameworks */,
				6EC685E123CEE5E900846595 /* Resources */,
			);
			buildRules = (
			);
			dependencies = (
				6EC685E523CEE5E900846595 /* PBXTargetDependency */,
			);
			name = SelectFilesTests;
			productName = SelectFilesTests;
			productReference = 6EC685E323CEE5E900846595 /* SelectFilesTests.xctest */;
			productType = "com.apple.product-type.bundle.unit-test";
		};
		6EC685ED23CEE5E900846595 /* SelectFilesUITests */ = {
			isa = PBXNativeTarget;
			buildConfigurationList = 6EC685FD23CEE5E900846595 /* Build configuration list for PBXNativeTarget "SelectFilesUITests" */;
			buildPhases = (
				6EC685EA23CEE5E900846595 /* Sources */,
				6EC685EB23CEE5E900846595 /* Frameworks */,
				6EC685EC23CEE5E900846595 /* Resources */,
			);
			buildRules = (
			);
			dependencies = (
				6EC685F023CEE5E900846595 /* PBXTargetDependency */,
			);
			name = SelectFilesUITests;
			productName = SelectFilesUITests;
			productReference = 6EC685EE23CEE5E900846595 /* SelectFilesUITests.xctest */;
			productType = "com.apple.product-type.bundle.ui-testing";
		};
/* End PBXNativeTarget section */

/* Begin PBXProject section */
		6EC685C323CEE5E700846595 /* Project object */ = {
			isa = PBXProject;
			attributes = {
				LastUpgradeCheck = 1020;
				ORGANIZATIONNAME = zhw_mac;
				TargetAttributes = {
					6EC685CA23CEE5E700846595 = {
						CreatedOnToolsVersion = 10.2.1;
					};
					6EC685E223CEE5E900846595 = {
						CreatedOnToolsVersion = 10.2.1;
						TestTargetID = 6EC685CA23CEE5E700846595;
					};
					6EC685ED23CEE5E900846595 = {
						CreatedOnToolsVersion = 10.2.1;
						TestTargetID = 6EC685CA23CEE5E700846595;
					};
				};
			};
			buildConfigurationList = 6EC685C623CEE5E700846595 /* Build configuration list for PBXProject "SelectFiles" */;
			compatibilityVersion = "Xcode 9.3";
			developmentRegion = en;
			hasScannedForEncodings = 0;
			knownRegions = (
				en,
				Base,
			);
			mainGroup = 6EC685C223CEE5E700846595;
			productRefGroup = 6EC685CC23CEE5E700846595 /* Products */;
			projectDirPath = "";
			projectRoot = "";
			targets = (
				6EC685CA23CEE5E700846595 /* SelectFiles */,
				6EC685E223CEE5E900846595 /* SelectFilesTests */,
				6EC685ED23CEE5E900846595 /* SelectFilesUITests */,
			);
		};
/* End PBXProject section */

/* Begin PBXResourcesBuildPhase section */
		6EC685C923CEE5E700846595 /* Resources */ = {
			isa = PBXResourcesBuildPhase;
			buildActionMask = 2147483647;
			files = (
				6EC685DB23CEE5E900846595 /* LaunchScreen.storyboard in Resources */,
				6EC6860D23CEEDBD00846595 /* FJtxt@2x.png in Resources */,
				6EC6860A23CEEDBD00846595 /* FJpptx@2x.png in Resources */,
				6EC6860923CEEDBD00846595 /* FJxlsx@2x.png in Resources */,
				6EC6861123CEEDF700846595 /* addImage@3x.png in Resources */,
				6EC6861323CEF00600846595 /* deleteImage_Suggest@3x.png in Resources */,
				6EC685D823CEE5E900846595 /* Assets.xcassets in Resources */,
				6EC6860B23CEEDBD00846595 /* FJword@2x.png in Resources */,
				6EC685D623CEE5E700846595 /* Main.storyboard in Resources */,
				6EC6860C23CEEDBD00846595 /* FJpdf@2x.png in Resources */,
			);
			runOnlyForDeploymentPostprocessing = 0;
		};
		6EC685E123CEE5E900846595 /* Resources */ = {
			isa = PBXResourcesBuildPhase;
			buildActionMask = 2147483647;
			files = (
			);
			runOnlyForDeploymentPostprocessing = 0;
		};
		6EC685EC23CEE5E900846595 /* Resources */ = {
			isa = PBXResourcesBuildPhase;
			buildActionMask = 2147483647;
			files = (
			);
			runOnlyForDeploymentPostprocessing = 0;
		};
/* End PBXResourcesBuildPhase section */

/* Begin PBXSourcesBuildPhase section */
		6EC685C723CEE5E700846595 /* Sources */ = {
			isa = PBXSourcesBuildPhase;
			buildActionMask = 2147483647;
			files = (
				6EC6860223CEEB0500846595 /* JBCollectionViewCell.m in Sources */,
				6EC685D323CEE5E700846595 /* ViewController.m in Sources */,
				6EC685DE23CEE5E900846595 /* main.m in Sources */,
				6EC685D023CEE5E700846595 /* AppDelegate.m in Sources */,
			);
			runOnlyForDeploymentPostprocessing = 0;
		};
		6EC685DF23CEE5E900846595 /* Sources */ = {
			isa = PBXSourcesBuildPhase;
			buildActionMask = 2147483647;
			files = (
				6EC685E823CEE5E900846595 /* SelectFilesTests.m in Sources */,
			);
			runOnlyForDeploymentPostprocessing = 0;
		};
		6EC685EA23CEE5E900846595 /* Sources */ = {
			isa = PBXSourcesBuildPhase;
			buildActionMask = 2147483647;
			files = (
				6EC685F323CEE5E900846595 /* SelectFilesUITests.m in Sources */,
			);
			runOnlyForDeploymentPostprocessing = 0;
		};
/* End PBXSourcesBuildPhase section */

/* Begin PBXTargetDependency section */
		6EC685E523CEE5E900846595 /* PBXTargetDependency */ = {
			isa = PBXTargetDependency;
			target = 6EC685CA23CEE5E700846595 /* SelectFiles */;
			targetProxy = 6EC685E423CEE5E900846595 /* PBXContainerItemProxy */;
		};
		6EC685F023CEE5E900846595 /* PBXTargetDependency */ = {
			isa = PBXTargetDependency;
			target = 6EC685CA23CEE5E700846595 /* SelectFiles */;
			targetProxy = 6EC685EF23CEE5E900846595 /* PBXContainerItemProxy */;
		};
/* End PBXTargetDependency section */

/* Begin PBXVariantGroup section */
		6EC685D423CEE5E700846595 /* Main.storyboard */ = {
			isa = PBXVariantGroup;
			children = (
				6EC685D523CEE5E700846595 /* Base */,
			);
			name = Main.storyboard;
			sourceTree = "<group>";
		};
		6EC685D923CEE5E900846595 /* LaunchScreen.storyboard */ = {
			isa = PBXVariantGroup;
			children = (
				6EC685DA23CEE5E900846595 /* Base */,
			);
			name = LaunchScreen.storyboard;
			sourceTree = "<group>";
		};
/* End PBXVariantGroup section */

/* Begin XCBuildConfiguration section */
		6EC685F523CEE5E900846595 /* Debug */ = {
			isa = XCBuildConfiguration;
			buildSettings = {
				ALWAYS_SEARCH_USER_PATHS = NO;
				CLANG_ANALYZER_NONNULL = YES;
				CLANG_ANALYZER_NUMBER_OBJECT_CONVERSION = YES_AGGRESSIVE;
				CLANG_CXX_LANGUAGE_STANDARD = "gnu++14";
				CLANG_CXX_LIBRARY = "libc++";
				CLANG_ENABLE_MODULES = YES;
				CLANG_ENABLE_OBJC_ARC = YES;
				CLANG_ENABLE_OBJC_WEAK = YES;
				CLANG_WARN_BLOCK_CAPTURE_AUTORELEASING = YES;
				CLANG_WARN_BOOL_CONVERSION = YES;
				CLANG_WARN_COMMA = YES;
				CLANG_WARN_CONSTANT_CONVERSION = YES;
				CLANG_WARN_DEPRECATED_OBJC_IMPLEMENTATIONS = YES;
				CLANG_WARN_DIRECT_OBJC_ISA_USAGE = YES_ERROR;
				CLANG_WARN_DOCUMENTATION_COMMENTS = YES;
				CLANG_WARN_EMPTY_BODY = YES;
				CLANG_WARN_ENUM_CONVERSION = YES;
				CLANG_WARN_INFINITE_RECURSION = YES;
				CLANG_WARN_INT_CONVERSION = YES;
				CLANG_WARN_NON_LITERAL_NULL_CONVERSION = YES;
				CLANG_WARN_OBJC_IMPLICIT_RETAIN_SELF = YES;
				CLANG_WARN_OBJC_LITERAL_CONVERSION = YES;
				CLANG_WARN_OBJC_ROOT_CLASS = YES_ERROR;
				CLANG_WARN_RANGE_LOOP_ANALYSIS = YES;
				CLANG_WARN_STRICT_PROTOTYPES = YES;
				CLANG_WARN_SUSPICIOUS_MOVE = YES;
				CLANG_WARN_UNGUARDED_AVAILABILITY = YES_AGGRESSIVE;
				CLANG_WARN_UNREACHABLE_CODE = YES;
				CLANG_WARN__DUPLICATE_METHOD_MATCH = YES;
				CODE_SIGN_IDENTITY = "iPhone Developer";
				COPY_PHASE_STRIP = NO;
				DEBUG_INFORMATION_FORMAT = dwarf;
				ENABLE_STRICT_OBJC_MSGSEND = YES;
				ENABLE_TESTABILITY = YES;
				GCC_C_LANGUAGE_STANDARD = gnu11;
				GCC_DYNAMIC_NO_PIC = NO;
				GCC_NO_COMMON_BLOCKS = YES;
				GCC_OPTIMIZATION_LEVEL = 0;
				GCC_PREPROCESSOR_DEFINITIONS = (
					"DEBUG=1",
					"$(inherited)",
				);
				GCC_WARN_64_TO_32_BIT_CONVERSION = YES;
				GCC_WARN_ABOUT_RETURN_TYPE = YES_ERROR;
				GCC_WARN_UNDECLARED_SELECTOR = YES;
				GCC_WARN_UNINITIALIZED_AUTOS = YES_AGGRESSIVE;
				GCC_WARN_UNUSED_FUNCTION = YES;
				GCC_WARN_UNUSED_VARIABLE = YES;
				IPHONEOS_DEPLOYMENT_TARGET = 12.2;
				MTL_ENABLE_DEBUG_INFO = INCLUDE_SOURCE;
				MTL_FAST_MATH = YES;
				ONLY_ACTIVE_ARCH = YES;
				SDKROOT = iphoneos;
			};
			name = Debug;
		};
		6EC685F623CEE5E900846595 /* Release */ = {
			isa = XCBuildConfiguration;
			buildSettings = {
				ALWAYS_SEARCH_USER_PATHS = NO;
				CLANG_ANALYZER_NONNULL = YES;
				CLANG_ANALYZER_NUMBER_OBJECT_CONVERSION = YES_AGGRESSIVE;
				CLANG_CXX_LANGUAGE_STANDARD = "gnu++14";
				CLANG_CXX_LIBRARY = "libc++";
				CLANG_ENABLE_MODULES = YES;
				CLANG_ENABLE_OBJC_ARC = YES;
				CLANG_ENABLE_OBJC_WEAK = YES;
				CLANG_WARN_BLOCK_CAPTURE_AUTORELEASING = YES;
				CLANG_WARN_BOOL_CONVERSION = YES;
				CLANG_WARN_COMMA = YES;
				CLANG_WARN_CONSTANT_CONVERSION = YES;
				CLANG_WARN_DEPRECATED_OBJC_IMPLEMENTATIONS = YES;
				CLANG_WARN_DIRECT_OBJC_ISA_USAGE = YES_ERROR;
				CLANG_WARN_DOCUMENTATION_COMMENTS = YES;
				CLANG_WARN_EMPTY_BODY = YES;
				CLANG_WARN_ENUM_CONVERSION = YES;
				CLANG_WARN_INFINITE_RECURSION = YES;
				CLANG_WARN_INT_CONVERSION = YES;
				CLANG_WARN_NON_LITERAL_NULL_CONVERSION = YES;
				CLANG_WARN_OBJC_IMPLICIT_RETAIN_SELF = YES;
				CLANG_WARN_OBJC_LITERAL_CONVERSION = YES;
				CLANG_WARN_OBJC_ROOT_CLASS = YES_ERROR;
				CLANG_WARN_RANGE_LOOP_ANALYSIS = YES;
				CLANG_WARN_STRICT_PROTOTYPES = YES;
				CLANG_WARN_SUSPICIOUS_MOVE = YES;
				CLANG_WARN_UNGUARDED_AVAILABILITY = YES_AGGRESSIVE;
				CLANG_WARN_UNREACHABLE_CODE = YES;
				CLANG_WARN__DUPLICATE_METHOD_MATCH = YES;
				CODE_SIGN_IDENTITY = "iPhone Developer";
				COPY_PHASE_STRIP = NO;
				DEBUG_INFORMATION_FORMAT = "dwarf-with-dsym";
				ENABLE_NS_ASSERTIONS = NO;
				ENABLE_STRICT_OBJC_MSGSEND = YES;
				GCC_C_LANGUAGE_STANDARD = gnu11;
				GCC_NO_COMMON_BLOCKS = YES;
				GCC_WARN_64_TO_32_BIT_CONVERSION = YES;
				GCC_WARN_ABOUT_RETURN_TYPE = YES_ERROR;
				GCC_WARN_UNDECLARED_SELECTOR = YES;
				GCC_WARN_UNINITIALIZED_AUTOS = YES_AGGRESSIVE;
				GCC_WARN_UNUSED_FUNCTION = YES;
				GCC_WARN_UNUSED_VARIABLE = YES;
				IPHONEOS_DEPLOYMENT_TARGET = 12.2;
				MTL_ENABLE_DEBUG_INFO = NO;
				MTL_FAST_MATH = YES;
				SDKROOT = iphoneos;
				VALIDATE_PRODUCT = YES;
			};
			name = Release;
		};
		6EC685F823CEE5E900846595 /* Debug */ = {
			isa = XCBuildConfiguration;
			buildSettings = {
				ASSETCATALOG_COMPILER_APPICON_NAME = AppIcon;
				CODE_SIGN_STYLE = Automatic;
				DEVELOPMENT_TEAM = 3UQ2R72V3A;
				INFOPLIST_FILE = SelectFiles/Info.plist;
				LD_RUNPATH_SEARCH_PATHS = (
					"$(inherited)",
					"@executable_path/Frameworks",
				);
				PRODUCT_BUNDLE_IDENTIFIER = zhw.SelectFiles;
				PRODUCT_NAME = "$(TARGET_NAME)";
				TARGETED_DEVICE_FAMILY = "1,2";
			};
			name = Debug;
		};
		6EC685F923CEE5E900846595 /* Release */ = {
			isa = XCBuildConfiguration;
			buildSettings = {
				ASSETCATALOG_COMPILER_APPICON_NAME = AppIcon;
				CODE_SIGN_STYLE = Automatic;
				DEVELOPMENT_TEAM = 3UQ2R72V3A;
				INFOPLIST_FILE = SelectFiles/Info.plist;
				LD_RUNPATH_SEARCH_PATHS = (
					"$(inherited)",
					"@executable_path/Frameworks",
				);
				PRODUCT_BUNDLE_IDENTIFIER = zhw.SelectFiles;
				PRODUCT_NAME = "$(TARGET_NAME)";
				TARGETED_DEVICE_FAMILY = "1,2";
			};
			name = Release;
		};
		6EC685FB23CEE5E900846595 /* Debug */ = {
			isa = XCBuildConfiguration;
			buildSettings = {
				BUNDLE_LOADER = "$(TEST_HOST)";
				CODE_SIGN_STYLE = Automatic;
				DEVELOPMENT_TEAM = 3UQ2R72V3A;
				INFOPLIST_FILE = SelectFilesTests/Info.plist;
				LD_RUNPATH_SEARCH_PATHS = (
					"$(inherited)",
					"@executable_path/Frameworks",
					"@loader_path/Frameworks",
				);
				PRODUCT_BUNDLE_IDENTIFIER = zhw.SelectFilesTests;
				PRODUCT_NAME = "$(TARGET_NAME)";
				TARGETED_DEVICE_FAMILY = "1,2";
				TEST_HOST = "$(BUILT_PRODUCTS_DIR)/SelectFiles.app/SelectFiles";
			};
			name = Debug;
		};
		6EC685FC23CEE5E900846595 /* Release */ = {
			isa = XCBuildConfiguration;
			buildSettings = {
				BUNDLE_LOADER = "$(TEST_HOST)";
				CODE_SIGN_STYLE = Automatic;
				DEVELOPMENT_TEAM = 3UQ2R72V3A;
				INFOPLIST_FILE = SelectFilesTests/Info.plist;
				LD_RUNPATH_SEARCH_PATHS = (
					"$(inherited)",
					"@executable_path/Frameworks",
					"@loader_path/Frameworks",
				);
				PRODUCT_BUNDLE_IDENTIFIER = zhw.SelectFilesTests;
				PRODUCT_NAME = "$(TARGET_NAME)";
				TARGETED_DEVICE_FAMILY = "1,2";
				TEST_HOST = "$(BUILT_PRODUCTS_DIR)/SelectFiles.app/SelectFiles";
			};
			name = Release;
		};
		6EC685FE23CEE5E900846595 /* Debug */ = {
			isa = XCBuildConfiguration;
			buildSettings = {
				CODE_SIGN_STYLE = Automatic;
				DEVELOPMENT_TEAM = 3UQ2R72V3A;
				INFOPLIST_FILE = SelectFilesUITests/Info.plist;
				LD_RUNPATH_SEARCH_PATHS = (
					"$(inherited)",
					"@executable_path/Frameworks",
					"@loader_path/Frameworks",
				);
				PRODUCT_BUNDLE_IDENTIFIER = zhw.SelectFilesUITests;
				PRODUCT_NAME = "$(TARGET_NAME)";
				TARGETED_DEVICE_FAMILY = "1,2";
				TEST_TARGET_NAME = SelectFiles;
			};
			name = Debug;
		};
		6EC685FF23CEE5E900846595 /* Release */ = {
			isa = XCBuildConfiguration;
			buildSettings = {
				CODE_SIGN_STYLE = Automatic;
				DEVELOPMENT_TEAM = 3UQ2R72V3A;
				INFOPLIST_FILE = SelectFilesUITests/Info.plist;
				LD_RUNPATH_SEARCH_PATHS = (
					"$(inherited)",
					"@executable_path/Frameworks",
					"@loader_path/Frameworks",
				);
				PRODUCT_BUNDLE_IDENTIFIER = zhw.SelectFilesUITests;
				PRODUCT_NAME = "$(TARGET_NAME)";
				TARGETED_DEVICE_FAMILY = "1,2";
				TEST_TARGET_NAME = SelectFiles;
			};
			name = Release;
		};
/* End XCBuildConfiguration section */

/* Begin XCConfigurationList section */
		6EC685C623CEE5E700846595 /* Build configuration list for PBXProject "SelectFiles" */ = {
			isa = XCConfigurationList;
			buildConfigurations = (
				6EC685F523CEE5E900846595 /* Debug */,
				6EC685F623CEE5E900846595 /* Release */,
			);
			defaultConfigurationIsVisible = 0;
			defaultConfigurationName = Release;
		};
		6EC685F723CEE5E900846595 /* Build configuration list for PBXNativeTarget "SelectFiles" */ = {
			isa = XCConfigurationList;
			buildConfigurations = (
				6EC685F823CEE5E900846595 /* Debug */,
				6EC685F923CEE5E900846595 /* Release */,
			);
			defaultConfigurationIsVisible = 0;
			defaultConfigurationName = Release;
		};
		6EC685FA23CEE5E900846595 /* Build configuration list for PBXNativeTarget "SelectFilesTests" */ = {
			isa = XCConfigurationList;
			buildConfigurations = (
				6EC685FB23CEE5E900846595 /* Debug */,
				6EC685FC23CEE5E900846595 /* Release */,
			);
			defaultConfigurationIsVisible = 0;
			defaultConfigurationName = Release;
		};
		6EC685FD23CEE5E900846595 /* Build configuration list for PBXNativeTarget "SelectFilesUITests" */ = {
			isa = XCConfigurationList;
			buildConfigurations = (
				6EC685FE23CEE5E900846595 /* Debug */,
				6EC685FF23CEE5E900846595 /* Release */,
			);
			defaultConfigurationIsVisible = 0;
			defaultConfigurationName = Release;
		};
/* End XCConfigurationList section */
	};
	rootObject = 6EC685C323CEE5E700846595 /* Project object */;
}
